
Microsoft Visual Studio Solution File, Format Version 12.00
Project("{FAE04EC0-301F-11D3-BF4B-00C04F79EFBC}") = "Game", "Game.csproj", "{5FF92F02-5785-4905-9FA8-796487F3A151}"
EndProject
Global
	GlobalSection(SolutionConfigurationPlatforms) = preSolution
		Debug|Any CPU = Debug|Any CPU
		Release|Any CPU = Release|Any CPU
	EndGlobalSection
	GlobalSection(ProjectConfigurationPlatforms) = postSolution
		{5FF92F02-5785-4905-9FA8-796487F3A151}.Debug|Any CPU.ActiveCfg = Debug|Any CPU
		{5FF92F02-5785-4905-9FA8-796487F3A151}.Debug|Any CPU.Build.0 = Debug|Any CPU
		{5FF92F02-5785-4905-9FA8-796487F3A151}.Release|Any CPU.ActiveCfg = Release|Any CPU
		{5FF92F02-5785-4905-9FA8-796487F3A151}.Release|Any CPU.Build.0 = Release|Any CPU
	EndGlobalSection
EndGlobal
