
Microsoft Visual Studio Solution File, Format Version 11.00
# Visual Studio 2010
Project("{FAE04EC0-301F-11D3-BF4B-00C04F79EFBC}") = "Assembly-CSharp", "Assembly-CSharp.csproj", "{2EF82283-8160-A540-A2EC-D7A98026309F}"
EndProject
Project("{FAE04EC0-301F-11D3-BF4B-00C04F79EFBC}") = "Unity.2DPlatformer.Tutorials", "Unity.2DPlatformer.Tutorials.csproj", "{E843528E-BD84-633C-1F6B-83C212840162}"
EndProject
Project("{FAE04EC0-301F-11D3-BF4B-00C04F79EFBC}") = "Assembly-CSharp-Editor", "Assembly-CSharp-Editor.csproj", "{8C948FB6-03BB-A59D-6586-5ED5B04DD681}"
EndProject
Global
	GlobalSection(SolutionConfigurationPlatforms) = preSolution
		Debug|Any CPU = Debug|Any CPU
		Release|Any CPU = Release|Any CPU
	EndGlobalSection
	GlobalSection(ProjectConfigurationPlatforms) = postSolution
		{2EF82283-8160-A540-A2EC-D7A98026309F}.Debug|Any CPU.ActiveCfg = Debug|Any CPU
		{2EF82283-8160-A540-A2EC-D7A98026309F}.Debug|Any CPU.Build.0 = Debug|Any CPU
		{2EF82283-8160-A540-A2EC-D7A98026309F}.Release|Any CPU.ActiveCfg = Release|Any CPU
		{2EF82283-8160-A540-A2EC-D7A98026309F}.Release|Any CPU.Build.0 = Release|Any CPU
		{E843528E-BD84-633C-1F6B-83C212840162}.Debug|Any CPU.ActiveCfg = Debug|Any CPU
		{E843528E-BD84-633C-1F6B-83C212840162}.Debug|Any CPU.Build.0 = Debug|Any CPU
		{E843528E-BD84-633C-1F6B-83C212840162}.Release|Any CPU.ActiveCfg = Release|Any CPU
		{E843528E-BD84-633C-1F6B-83C212840162}.Release|Any CPU.Build.0 = Release|Any CPU
		{8C948FB6-03BB-A59D-6586-5ED5B04DD681}.Debug|Any CPU.ActiveCfg = Debug|Any CPU
		{8C948FB6-03BB-A59D-6586-5ED5B04DD681}.Debug|Any CPU.Build.0 = Debug|Any CPU
		{8C948FB6-03BB-A59D-6586-5ED5B04DD681}.Release|Any CPU.ActiveCfg = Release|Any CPU
		{8C948FB6-03BB-A59D-6586-5ED5B04DD681}.Release|Any CPU.Build.0 = Release|Any CPU
	EndGlobalSection
	GlobalSection(SolutionProperties) = preSolution
		HideSolutionNode = FALSE
	EndGlobalSection
EndGlobal
